// !$*UTF8*$!
{
	archiveVersion = 1;
	classes = {
	};
	objectVersion = 50;
	objects = {

/* Begin PBXBuildFile section */
		580E7D7723E49B5300284966 /* ConstraintsAnimation.storyboard in Resources */ = {isa = PBXBuildFile; fileRef = 580E7D7623E49B5300284966 /* ConstraintsAnimation.storyboard */; };
		584CF4C123E47E2500B60FE9 /* AppDelegate.swift in Sources */ = {isa = PBXBuildFile; fileRef = 584CF4C023E47E2500B60FE9 /* AppDelegate.swift */; };
		584CF4C323E47E2500B60FE9 /* SceneDelegate.swift in Sources */ = {isa = PBXBuildFile; fileRef = 584CF4C223E47E2500B60FE9 /* SceneDelegate.swift */; };
		584CF4CA23E47E2600B60FE9 /* Assets.xcassets in Resources */ = {isa = PBXBuildFile; fileRef = 584CF4C923E47E2600B60FE9 /* Assets.xcassets */; };
		584CF4CD23E47E2600B60FE9 /* LaunchScreen.storyboard in Resources */ = {isa = PBXBuildFile; fileRef = 584CF4CB23E47E2600B60FE9 /* LaunchScreen.storyboard */; };
		584CF4D823E47E2600B60FE9 /* UIKIt_AnimationsTests.swift in Sources */ = {isa = PBXBuildFile; fileRef = 584CF4D723E47E2600B60FE9 /* UIKIt_AnimationsTests.swift */; };
		584CF4E323E47F9F00B60FE9 /* AnimationsTabController.swift in Sources */ = {isa = PBXBuildFile; fileRef = 584CF4E223E47F9F00B60FE9 /* AnimationsTabController.swift */; };
		587FF78123E4807F00FFC33B /* SampleAnimationsController.swift in Sources */ = {isa = PBXBuildFile; fileRef = 587FF78023E4807F00FFC33B /* SampleAnimationsController.swift */; };
		587FF78323E480A700FFC33B /* ConstraintsAnimationController.swift in Sources */ = {isa = PBXBuildFile; fileRef = 587FF78223E480A700FFC33B /* ConstraintsAnimationController.swift */; };
		587FF78523E486C600FFC33B /* SampleAnimationView.swift in Sources */ = {isa = PBXBuildFile; fileRef = 587FF78423E486C600FFC33B /* SampleAnimationView.swift */; };
/* End PBXBuildFile section */

/* Begin PBXContainerItemProxy section */
		584CF4D423E47E2600B60FE9 /* PBXContainerItemProxy */ = {
			isa = PBXContainerItemProxy;
			containerPortal = 584CF4B523E47E2400B60FE9 /* Project object */;
			proxyType = 1;
			remoteGlobalIDString = 584CF4BC23E47E2400B60FE9;
			remoteInfo = UIKIt_Animations;
		};
/* End PBXContainerItemProxy section */

/* Begin PBXFileReference section */
		580E7D7623E49B5300284966 /* ConstraintsAnimation.storyboard */ = {isa = PBXFileReference; lastKnownFileType = file.storyboard; path = ConstraintsAnimation.storyboard; sourceTree = "<group>"; };
		584CF4BD23E47E2500B60FE9 /* UIKIt_Animations.app */ = {isa = PBXFileReference; explicitFileType = wrapper.application; includeInIndex = 0; path = UIKIt_Animations.app; sourceTree = BUILT_PRODUCTS_DIR; };
		584CF4C023E47E2500B60FE9 /* AppDelegate.swift */ = {isa = PBXFileReference; lastKnownFileType = sourcecode.swift; path = AppDelegate.swift; sourceTree = "<group>"; };
		584CF4C223E47E2500B60FE9 /* SceneDelegate.swift */ = {isa = PBXFileReference; lastKnownFileType = sourcecode.swift; path = SceneDelegate.swift; sourceTree = "<group>"; };
		584CF4C923E47E2600B60FE9 /* Assets.xcassets */ = {isa = PBXFileReference; lastKnownFileType = folder.assetcatalog; path = Assets.xcassets; sourceTree = "<group>"; };
		584CF4CC23E47E2600B60FE9 /* Base */ = {isa = PBXFileReference; lastKnownFileType = file.storyboard; name = Base; path = Base.lproj/LaunchScreen.storyboard; sourceTree = "<group>"; };
		584CF4CE23E47E2600B60FE9 /* Info.plist */ = {isa = PBXFileReference; lastKnownFileType = text.plist.xml; path = Info.plist; sourceTree = "<group>"; };
		584CF4D323E47E2600B60FE9 /* UIKIt_AnimationsTests.xctest */ = {isa = PBXFileReference; explicitFileType = wrapper.cfbundle; includeInIndex = 0; path = UIKIt_AnimationsTests.xctest; sourceTree = BUILT_PRODUCTS_DIR; };
		584CF4D723E47E2600B60FE9 /* UIKIt_AnimationsTests.swift */ = {isa = PBXFileReference; lastKnownFileType = sourcecode.swift; path = UIKIt_AnimationsTests.swift; sourceTree = "<group>"; };
		584CF4D923E47E2600B60FE9 /* Info.plist */ = {isa = PBXFileReference; lastKnownFileType = text.plist.xml; path = Info.plist; sourceTree = "<group>"; };
		584CF4E223E47F9F00B60FE9 /* AnimationsTabController.swift */ = {isa = PBXFileReference; lastKnownFileType = sourcecode.swift; path = AnimationsTabController.swift; sourceTree = "<group>"; };
		587FF78023E4807F00FFC33B /* SampleAnimationsController.swift */ = {isa = PBXFileReference; lastKnownFileType = sourcecode.swift; path = SampleAnimationsController.swift; sourceTree = "<group>"; };
		587FF78223E480A700FFC33B /* ConstraintsAnimationController.swift */ = {isa = PBXFileReference; lastKnownFileType = sourcecode.swift; path = ConstraintsAnimationController.swift; sourceTree = "<group>"; };
		587FF78423E486C600FFC33B /* SampleAnimationView.swift */ = {isa = PBXFileReference; lastKnownFileType = sourcecode.swift; path = SampleAnimationView.swift; sourceTree = "<group>"; };
/* End PBXFileReference section */

/* Begin PBXFrameworksBuildPhase section */
		584CF4BA23E47E2400B60FE9 /* Frameworks */ = {
			isa = PBXFrameworksBuildPhase;
			buildActionMask = 2147483647;
			files = (
			);
			runOnlyForDeploymentPostprocessing = 0;
		};
		584CF4D023E47E2600B60FE9 /* Frameworks */ = {
			isa = PBXFrameworksBuildPhase;
			buildActionMask = 2147483647;
			files = (
			);
			runOnlyForDeploymentPostprocessing = 0;
		};
/* End PBXFrameworksBuildPhase section */

/* Begin PBXGroup section */
		584CF4B423E47E2400B60FE9 = {
			isa = PBXGroup;
			children = (
				584CF4E423E47FA200B60FE9 /* Controllers & Views */,
				584CF4BF23E47E2500B60FE9 /* UIKIt_Animations */,
				584CF4D623E47E2600B60FE9 /* UIKIt_AnimationsTests */,
				584CF4BE23E47E2500B60FE9 /* Products */,
			);
			sourceTree = "<group>";
		};
		584CF4BE23E47E2500B60FE9 /* Products */ = {
			isa = PBXGroup;
			children = (
				584CF4BD23E47E2500B60FE9 /* UIKIt_Animations.app */,
				584CF4D323E47E2600B60FE9 /* UIKIt_AnimationsTests.xctest */,
			);
			name = Products;
			sourceTree = "<group>";
		};
		584CF4BF23E47E2500B60FE9 /* UIKIt_Animations */ = {
			isa = PBXGroup;
			children = (
				584CF4C023E47E2500B60FE9 /* AppDelegate.swift */,
				584CF4C223E47E2500B60FE9 /* SceneDelegate.swift */,
				584CF4C923E47E2600B60FE9 /* Assets.xcassets */,
				584CF4CB23E47E2600B60FE9 /* LaunchScreen.storyboard */,
				584CF4CE23E47E2600B60FE9 /* Info.plist */,
			);
			path = UIKIt_Animations;
			sourceTree = "<group>";
		};
		584CF4D623E47E2600B60FE9 /* UIKIt_AnimationsTests */ = {
			isa = PBXGroup;
			children = (
				584CF4D723E47E2600B60FE9 /* UIKIt_AnimationsTests.swift */,
				584CF4D923E47E2600B60FE9 /* Info.plist */,
			);
			path = UIKIt_AnimationsTests;
			sourceTree = "<group>";
		};
		584CF4E423E47FA200B60FE9 /* Controllers & Views */ = {
			isa = PBXGroup;
			children = (
				587FF78023E4807F00FFC33B /* SampleAnimationsController.swift */,
				580E7D7623E49B5300284966 /* ConstraintsAnimation.storyboard */,
				587FF78423E486C600FFC33B /* SampleAnimationView.swift */,
				584CF4E223E47F9F00B60FE9 /* AnimationsTabController.swift */,
				587FF78223E480A700FFC33B /* ConstraintsAnimationController.swift */,
			);
			path = "Controllers & Views";
			sourceTree = "<group>";
		};
/* End PBXGroup section */

/* Begin PBXNativeTarget section */
		584CF4BC23E47E2400B60FE9 /* UIKIt_Animations */ = {
			isa = PBXNativeTarget;
			buildConfigurationList = 584CF4DC23E47E2600B60FE9 /* Build configuration list for PBXNativeTarget "UIKIt_Animations" */;
			buildPhases = (
				584CF4B923E47E2400B60FE9 /* Sources */,
				584CF4BA23E47E2400B60FE9 /* Frameworks */,
				584CF4BB23E47E2400B60FE9 /* Resources */,
			);
			buildRules = (
			);
			dependencies = (
			);
			name = UIKIt_Animations;
			productName = UIKIt_Animations;
			productReference = 584CF4BD23E47E2500B60FE9 /* UIKIt_Animations.app */;
			productType = "com.apple.product-type.application";
		};
		584CF4D223E47E2600B60FE9 /* UIKIt_AnimationsTests */ = {
			isa = PBXNativeTarget;
			buildConfigurationList = 584CF4DF23E47E2600B60FE9 /* Build configuration list for PBXNativeTarget "UIKIt_AnimationsTests" */;
			buildPhases = (
				584CF4CF23E47E2600B60FE9 /* Sources */,
				584CF4D023E47E2600B60FE9 /* Frameworks */,
				584CF4D123E47E2600B60FE9 /* Resources */,
			);
			buildRules = (
			);
			dependencies = (
				584CF4D523E47E2600B60FE9 /* PBXTargetDependency */,
			);
			name = UIKIt_AnimationsTests;
			productName = UIKIt_AnimationsTests;
			productReference = 584CF4D323E47E2600B60FE9 /* UIKIt_AnimationsTests.xctest */;
			productType = "com.apple.product-type.bundle.unit-test";
		};
/* End PBXNativeTarget section */

/* Begin PBXProject section */
		584CF4B523E47E2400B60FE9 /* Project object */ = {
			isa = PBXProject;
			attributes = {
				LastSwiftUpdateCheck = 1130;
				LastUpgradeCheck = 1130;
				ORGANIZATIONNAME = "Eric Davenport";
				TargetAttributes = {
					584CF4BC23E47E2400B60FE9 = {
						CreatedOnToolsVersion = 11.3.1;
					};
					584CF4D223E47E2600B60FE9 = {
						CreatedOnToolsVersion = 11.3.1;
						TestTargetID = 584CF4BC23E47E2400B60FE9;
					};
				};
			};
			buildConfigurationList = 584CF4B823E47E2400B60FE9 /* Build configuration list for PBXProject "UIKIt_Animations" */;
			compatibilityVersion = "Xcode 9.3";
			developmentRegion = en;
			hasScannedForEncodings = 0;
			knownRegions = (
				en,
				Base,
			);
			mainGroup = 584CF4B423E47E2400B60FE9;
			productRefGroup = 584CF4BE23E47E2500B60FE9 /* Products */;
			projectDirPath = "";
			projectRoot = "";
			targets = (
				584CF4BC23E47E2400B60FE9 /* UIKIt_Animations */,
				584CF4D223E47E2600B60FE9 /* UIKIt_AnimationsTests */,
			);
		};
/* End PBXProject section */

/* Begin PBXResourcesBuildPhase section */
		584CF4BB23E47E2400B60FE9 /* Resources */ = {
			isa = PBXResourcesBuildPhase;
			buildActionMask = 2147483647;
			files = (
				584CF4CD23E47E2600B60FE9 /* LaunchScreen.storyboard in Resources */,
				584CF4CA23E47E2600B60FE9 /* Assets.xcassets in Resources */,
				580E7D7723E49B5300284966 /* ConstraintsAnimation.storyboard in Resources */,
			);
			runOnlyForDeploymentPostprocessing = 0;
		};
		584CF4D123E47E2600B60FE9 /* Resources */ = {
			isa = PBXResourcesBuildPhase;
			buildActionMask = 2147483647;
			files = (
			);
			runOnlyForDeploymentPostprocessing = 0;
		};
/* End PBXResourcesBuildPhase section */

/* Begin PBXSourcesBuildPhase section */
		584CF4B923E47E2400B60FE9 /* Sources */ = {
			isa = PBXSourcesBuildPhase;
			buildActionMask = 2147483647;
			files = (
				587FF78123E4807F00FFC33B /* SampleAnimationsController.swift in Sources */,
				587FF78523E486C600FFC33B /* SampleAnimationView.swift in Sources */,
				584CF4C123E47E2500B60FE9 /* AppDelegate.swift in Sources */,
				584CF4E323E47F9F00B60FE9 /* AnimationsTabController.swift in Sources */,
				584CF4C323E47E2500B60FE9 /* SceneDelegate.swift in Sources */,
				587FF78323E480A700FFC33B /* ConstraintsAnimationController.swift in Sources */,
			);
			runOnlyForDeploymentPostprocessing = 0;
		};
		584CF4CF23E47E2600B60FE9 /* Sources */ = {
			isa = PBXSourcesBuildPhase;
			buildActionMask = 2147483647;
			files = (
				584CF4D823E47E2600B60FE9 /* UIKIt_AnimationsTests.swift in Sources */,
			);
			runOnlyForDeploymentPostprocessing = 0;
		};
/* End PBXSourcesBuildPhase section */

/* Begin PBXTargetDependency section */
		584CF4D523E47E2600B60FE9 /* PBXTargetDependency */ = {
			isa = PBXTargetDependency;
			target = 584CF4BC23E47E2400B60FE9 /* UIKIt_Animations */;
			targetProxy = 584CF4D423E47E2600B60FE9 /* PBXContainerItemProxy */;
		};
/* End PBXTargetDependency section */

/* Begin PBXVariantGroup section */
		584CF4CB23E47E2600B60FE9 /* LaunchScreen.storyboard */ = {
			isa = PBXVariantGroup;
			children = (
				584CF4CC23E47E2600B60FE9 /* Base */,
			);
			name = LaunchScreen.storyboard;
			sourceTree = "<group>";
		};
/* End PBXVariantGroup section */

/* Begin XCBuildConfiguration section */
		584CF4DA23E47E2600B60FE9 /* Debug */ = {
			isa = XCBuildConfiguration;
			buildSettings = {
				ALWAYS_SEARCH_USER_PATHS = NO;
				CLANG_ANALYZER_NONNULL = YES;
				CLANG_ANALYZER_NUMBER_OBJECT_CONVERSION = YES_AGGRESSIVE;
				CLANG_CXX_LANGUAGE_STANDARD = "gnu++14";
				CLANG_CXX_LIBRARY = "libc++";
				CLANG_ENABLE_MODULES = YES;
				CLANG_ENABLE_OBJC_ARC = YES;
				CLANG_ENABLE_OBJC_WEAK = YES;
				CLANG_WARN_BLOCK_CAPTURE_AUTORELEASING = YES;
				CLANG_WARN_BOOL_CONVERSION = YES;
				CLANG_WARN_COMMA = YES;
				CLANG_WARN_CONSTANT_CONVERSION = YES;
				CLANG_WARN_DEPRECATED_OBJC_IMPLEMENTATIONS = YES;
				CLANG_WARN_DIRECT_OBJC_ISA_USAGE = YES_ERROR;
				CLANG_WARN_DOCUMENTATION_COMMENTS = YES;
				CLANG_WARN_EMPTY_BODY = YES;
				CLANG_WARN_ENUM_CONVERSION = YES;
				CLANG_WARN_INFINITE_RECURSION = YES;
				CLANG_WARN_INT_CONVERSION = YES;
				CLANG_WARN_NON_LITERAL_NULL_CONVERSION = YES;
				CLANG_WARN_OBJC_IMPLICIT_RETAIN_SELF = YES;
				CLANG_WARN_OBJC_LITERAL_CONVERSION = YES;
				CLANG_WARN_OBJC_ROOT_CLASS = YES_ERROR;
				CLANG_WARN_RANGE_LOOP_ANALYSIS = YES;
				CLANG_WARN_STRICT_PROTOTYPES = YES;
				CLANG_WARN_SUSPICIOUS_MOVE = YES;
				CLANG_WARN_UNGUARDED_AVAILABILITY = YES_AGGRESSIVE;
				CLANG_WARN_UNREACHABLE_CODE = YES;
				CLANG_WARN__DUPLICATE_METHOD_MATCH = YES;
				COPY_PHASE_STRIP = NO;
				DEBUG_INFORMATION_FORMAT = dwarf;
				ENABLE_STRICT_OBJC_MSGSEND = YES;
				ENABLE_TESTABILITY = YES;
				GCC_C_LANGUAGE_STANDARD = gnu11;
				GCC_DYNAMIC_NO_PIC = NO;
				GCC_NO_COMMON_BLOCKS = YES;
				GCC_OPTIMIZATION_LEVEL = 0;
				GCC_PREPROCESSOR_DEFINITIONS = (
					"DEBUG=1",
					"$(inherited)",
				);
				GCC_WARN_64_TO_32_BIT_CONVERSION = YES;
				GCC_WARN_ABOUT_RETURN_TYPE = YES_ERROR;
				GCC_WARN_UNDECLARED_SELECTOR = YES;
				GCC_WARN_UNINITIALIZED_AUTOS = YES_AGGRESSIVE;
				GCC_WARN_UNUSED_FUNCTION = YES;
				GCC_WARN_UNUSED_VARIABLE = YES;
				IPHONEOS_DEPLOYMENT_TARGET = 13.2;
				MTL_ENABLE_DEBUG_INFO = INCLUDE_SOURCE;
				MTL_FAST_MATH = YES;
				ONLY_ACTIVE_ARCH = YES;
				SDKROOT = iphoneos;
				SWIFT_ACTIVE_COMPILATION_CONDITIONS = DEBUG;
				SWIFT_OPTIMIZATION_LEVEL = "-Onone";
			};
			name = Debug;
		};
		584CF4DB23E47E2600B60FE9 /* Release */ = {
			isa = XCBuildConfiguration;
			buildSettings = {
				ALWAYS_SEARCH_USER_PATHS = NO;
				CLANG_ANALYZER_NONNULL = YES;
				CLANG_ANALYZER_NUMBER_OBJECT_CONVERSION = YES_AGGRESSIVE;
				CLANG_CXX_LANGUAGE_STANDARD = "gnu++14";
				CLANG_CXX_LIBRARY = "libc++";
				CLANG_ENABLE_MODULES = YES;
				CLANG_ENABLE_OBJC_ARC = YES;
				CLANG_ENABLE_OBJC_WEAK = YES;
				CLANG_WARN_BLOCK_CAPTURE_AUTORELEASING = YES;
				CLANG_WARN_BOOL_CONVERSION = YES;
				CLANG_WARN_COMMA = YES;
				CLANG_WARN_CONSTANT_CONVERSION = YES;
				CLANG_WARN_DEPRECATED_OBJC_IMPLEMENTATIONS = YES;
				CLANG_WARN_DIRECT_OBJC_ISA_USAGE = YES_ERROR;
				CLANG_WARN_DOCUMENTATION_COMMENTS = YES;
				CLANG_WARN_EMPTY_BODY = YES;
				CLANG_WARN_ENUM_CONVERSION = YES;
				CLANG_WARN_INFINITE_RECURSION = YES;
				CLANG_WARN_INT_CONVERSION = YES;
				CLANG_WARN_NON_LITERAL_NULL_CONVERSION = YES;
				CLANG_WARN_OBJC_IMPLICIT_RETAIN_SELF = YES;
				CLANG_WARN_OBJC_LITERAL_CONVERSION = YES;
				CLANG_WARN_OBJC_ROOT_CLASS = YES_ERROR;
				CLANG_WARN_RANGE_LOOP_ANALYSIS = YES;
				CLANG_WARN_STRICT_PROTOTYPES = YES;
				CLANG_WARN_SUSPICIOUS_MOVE = YES;
				CLANG_WARN_UNGUARDED_AVAILABILITY = YES_AGGRESSIVE;
				CLANG_WARN_UNREACHABLE_CODE = YES;
				CLANG_WARN__DUPLICATE_METHOD_MATCH = YES;
				COPY_PHASE_STRIP = NO;
				DEBUG_INFORMATION_FORMAT = "dwarf-with-dsym";
				ENABLE_NS_ASSERTIONS = NO;
				ENABLE_STRICT_OBJC_MSGSEND = YES;
				GCC_C_LANGUAGE_STANDARD = gnu11;
				GCC_NO_COMMON_BLOCKS = YES;
				GCC_WARN_64_TO_32_BIT_CONVERSION = YES;
				GCC_WARN_ABOUT_RETURN_TYPE = YES_ERROR;
				GCC_WARN_UNDECLARED_SELECTOR = YES;
				GCC_WARN_UNINITIALIZED_AUTOS = YES_AGGRESSIVE;
				GCC_WARN_UNUSED_FUNCTION = YES;
				GCC_WARN_UNUSED_VARIABLE = YES;
				IPHONEOS_DEPLOYMENT_TARGET = 13.2;
				MTL_ENABLE_DEBUG_INFO = NO;
				MTL_FAST_MATH = YES;
				SDKROOT = iphoneos;
				SWIFT_COMPILATION_MODE = wholemodule;
				SWIFT_OPTIMIZATION_LEVEL = "-O";
				VALIDATE_PRODUCT = YES;
			};
			name = Release;
		};
		584CF4DD23E47E2600B60FE9 /* Debug */ = {
			isa = XCBuildConfiguration;
			buildSettings = {
				ASSETCATALOG_COMPILER_APPICON_NAME = AppIcon;
				CODE_SIGN_STYLE = Automatic;
				DEVELOPMENT_TEAM = 3YV6C3YLPG;
				INFOPLIST_FILE = UIKIt_Animations/Info.plist;
				LD_RUNPATH_SEARCH_PATHS = (
					"$(inherited)",
					"@executable_path/Frameworks",
				);
				PRODUCT_BUNDLE_IDENTIFIER = "org.ericdavenport.UIKIt-Animations";
				PRODUCT_NAME = "$(TARGET_NAME)";
				SWIFT_VERSION = 5.0;
				TARGETED_DEVICE_FAMILY = "1,2";
			};
			name = Debug;
		};
		584CF4DE23E47E2600B60FE9 /* Release */ = {
			isa = XCBuildConfiguration;
			buildSettings = {
				ASSETCATALOG_COMPILER_APPICON_NAME = AppIcon;
				CODE_SIGN_STYLE = Automatic;
				DEVELOPMENT_TEAM = 3YV6C3YLPG;
				INFOPLIST_FILE = UIKIt_Animations/Info.plist;
				LD_RUNPATH_SEARCH_PATHS = (
					"$(inherited)",
					"@executable_path/Frameworks",
				);
				PRODUCT_BUNDLE_IDENTIFIER = "org.ericdavenport.UIKIt-Animations";
				PRODUCT_NAME = "$(TARGET_NAME)";
				SWIFT_VERSION = 5.0;
				TARGETED_DEVICE_FAMILY = "1,2";
			};
			name = Release;
		};
		584CF4E023E47E2600B60FE9 /* Debug */ = {
			isa = XCBuildConfiguration;
			buildSettings = {
				ALWAYS_EMBED_SWIFT_STANDARD_LIBRARIES = YES;
				BUNDLE_LOADER = "$(TEST_HOST)";
				CODE_SIGN_STYLE = Automatic;
				DEVELOPMENT_TEAM = 3YV6C3YLPG;
				INFOPLIST_FILE = UIKIt_AnimationsTests/Info.plist;
				IPHONEOS_DEPLOYMENT_TARGET = 13.2;
				LD_RUNPATH_SEARCH_PATHS = (
					"$(inherited)",
					"@executable_path/Frameworks",
					"@loader_path/Frameworks",
				);
				PRODUCT_BUNDLE_IDENTIFIER = "org.ericdavenport.UIKIt-AnimationsTests";
				PRODUCT_NAME = "$(TARGET_NAME)";
				SWIFT_VERSION = 5.0;
				TARGETED_DEVICE_FAMILY = "1,2";
				TEST_HOST = "$(BUILT_PRODUCTS_DIR)/UIKIt_Animations.app/UIKIt_Animations";
			};
			name = Debug;
		};
		584CF4E123E47E2600B60FE9 /* Release */ = {
			isa = XCBuildConfiguration;
			buildSettings = {
				ALWAYS_EMBED_SWIFT_STANDARD_LIBRARIES = YES;
				BUNDLE_LOADER = "$(TEST_HOST)";
				CODE_SIGN_STYLE = Automatic;
				DEVELOPMENT_TEAM = 3YV6C3YLPG;
				INFOPLIST_FILE = UIKIt_AnimationsTests/Info.plist;
				IPHONEOS_DEPLOYMENT_TARGET = 13.2;
				LD_RUNPATH_SEARCH_PATHS = (
					"$(inherited)",
					"@executable_path/Frameworks",
					"@loader_path/Frameworks",
				);
				PRODUCT_BUNDLE_IDENTIFIER = "org.ericdavenport.UIKIt-AnimationsTests";
				PRODUCT_NAME = "$(TARGET_NAME)";
				SWIFT_VERSION = 5.0;
				TARGETED_DEVICE_FAMILY = "1,2";
				TEST_HOST = "$(BUILT_PRODUCTS_DIR)/UIKIt_Animations.app/UIKIt_Animations";
			};
			name = Release;
		};
/* End XCBuildConfiguration section */

/* Begin XCConfigurationList section */
		584CF4B823E47E2400B60FE9 /* Build configuration list for PBXProject "UIKIt_Animations" */ = {
			isa = XCConfigurationList;
			buildConfigurations = (
				584CF4DA23E47E2600B60FE9 /* Debug */,
				584CF4DB23E47E2600B60FE9 /* Release */,
			);
			defaultConfigurationIsVisible = 0;
			defaultConfigurationName = Release;
		};
		584CF4DC23E47E2600B60FE9 /* Build configuration list for PBXNativeTarget "UIKIt_Animations" */ = {
			isa = XCConfigurationList;
			buildConfigurations = (
				584CF4DD23E47E2600B60FE9 /* Debug */,
				584CF4DE23E47E2600B60FE9 /* Release */,
			);
			defaultConfigurationIsVisible = 0;
			defaultConfigurationName = Release;
		};
		584CF4DF23E47E2600B60FE9 /* Build configuration list for PBXNativeTarget "UIKIt_AnimationsTests" */ = {
			isa = XCConfigurationList;
			buildConfigurations = (
				584CF4E023E47E2600B60FE9 /* Debug */,
				584CF4E123E47E2600B60FE9 /* Release */,
			);
			defaultConfigurationIsVisible = 0;
			defaultConfigurationName = Release;
		};
/* End XCConfigurationList section */
	};
	rootObject = 584CF4B523E47E2400B60FE9 /* Project object */;
}
